
Microsoft Visual Studio Solution File, Format Version 12.00
# Visual Studio Version 17
VisualStudioVersion = 17.4.33213.308
MinimumVisualStudioVersion = 10.0.40219.1
Project("{FAE04EC0-301F-11D3-BF4B-00C04F79EFBC}") = "User.Domain", "User.Domain\User.Domain.csproj", "{5C843E28-AAAD-4EC8-9F2F-D2DC8E445D35}"
EndProject
Project("{FAE04EC0-301F-11D3-BF4B-00C04F79EFBC}") = "User.Application", "User.Application\User.Application.csproj", "{104E2D96-5C4A-48C0-B720-B89AA54C0538}"
EndProject
Project("{FAE04EC0-301F-11D3-BF4B-00C04F79EFBC}") = "User.Infrastructure", "User.Infrastructure\User.Infrastructure.csproj", "{062B8DD1-F3C0-4FE2-9E18-4396A8912C79}"
EndProject
Project("{FAE04EC0-301F-11D3-BF4B-00C04F79EFBC}") = "User.API", "User.API\User.API.csproj", "{DED3901F-7E45-43CF-8F63-0E16F5197EF3}"
EndProject
Global
	GlobalSection(SolutionConfigurationPlatforms) = preSolution
		Debug|Any CPU = Debug|Any CPU
		Release|Any CPU = Release|Any CPU
	EndGlobalSection
	GlobalSection(ProjectConfigurationPlatforms) = postSolution
		{5C843E28-AAAD-4EC8-9F2F-D2DC8E445D35}.Debug|Any CPU.ActiveCfg = Debug|Any CPU
		{5C843E28-AAAD-4EC8-9F2F-D2DC8E445D35}.Debug|Any CPU.Build.0 = Debug|Any CPU
		{5C843E28-AAAD-4EC8-9F2F-D2DC8E445D35}.Release|Any CPU.ActiveCfg = Release|Any CPU
		{5C843E28-AAAD-4EC8-9F2F-D2DC8E445D35}.Release|Any CPU.Build.0 = Release|Any CPU
		{104E2D96-5C4A-48C0-B720-B89AA54C0538}.Debug|Any CPU.ActiveCfg = Debug|Any CPU
		{104E2D96-5C4A-48C0-B720-B89AA54C0538}.Debug|Any CPU.Build.0 = Debug|Any CPU
		{104E2D96-5C4A-48C0-B720-B89AA54C0538}.Release|Any CPU.ActiveCfg = Release|Any CPU
		{104E2D96-5C4A-48C0-B720-B89AA54C0538}.Release|Any CPU.Build.0 = Release|Any CPU
		{062B8DD1-F3C0-4FE2-9E18-4396A8912C79}.Debug|Any CPU.ActiveCfg = Debug|Any CPU
		{062B8DD1-F3C0-4FE2-9E18-4396A8912C79}.Debug|Any CPU.Build.0 = Debug|Any CPU
		{062B8DD1-F3C0-4FE2-9E18-4396A8912C79}.Release|Any CPU.ActiveCfg = Release|Any CPU
		{062B8DD1-F3C0-4FE2-9E18-4396A8912C79}.Release|Any CPU.Build.0 = Release|Any CPU
		{DED3901F-7E45-43CF-8F63-0E16F5197EF3}.Debug|Any CPU.ActiveCfg = Debug|Any CPU
		{DED3901F-7E45-43CF-8F63-0E16F5197EF3}.Debug|Any CPU.Build.0 = Debug|Any CPU
		{DED3901F-7E45-43CF-8F63-0E16F5197EF3}.Release|Any CPU.ActiveCfg = Release|Any CPU
		{DED3901F-7E45-43CF-8F63-0E16F5197EF3}.Release|Any CPU.Build.0 = Release|Any CPU
	EndGlobalSection
	GlobalSection(SolutionProperties) = preSolution
		HideSolutionNode = FALSE
	EndGlobalSection
	GlobalSection(ExtensibilityGlobals) = postSolution
		SolutionGuid = {863A857F-102B-4277-9478-6AEF1C67A17C}
	EndGlobalSection
EndGlobal
